
Microsoft Visual Studio Solution File, Format Version 12.00
# Visual Studio Version 17
VisualStudioVersion = 17.9.34902.65
MinimumVisualStudioVersion = 10.0.40219.1
Project("{9A19103F-16F7-4668-BE54-9A1E7A4F7556}") = "SistemaEscolar", "SistemaEscolar.csproj", "{A961EB38-81FF-4291-8076-D286A5A631CD}"
EndProject
Global
	GlobalSection(SolutionConfigurationPlatforms) = preSolution
		Debug|Any CPU = Debug|Any CPU
		Release|Any CPU = Release|Any CPU
	EndGlobalSection
	GlobalSection(ProjectConfigurationPlatforms) = postSolution
		{A961EB38-81FF-4291-8076-D286A5A631CD}.Debug|Any CPU.ActiveCfg = Debug|Any CPU
		{A961EB38-81FF-4291-8076-D286A5A631CD}.Debug|Any CPU.Build.0 = Debug|Any CPU
		{A961EB38-81FF-4291-8076-D286A5A631CD}.Release|Any CPU.ActiveCfg = Release|Any CPU
		{A961EB38-81FF-4291-8076-D286A5A631CD}.Release|Any CPU.Build.0 = Release|Any CPU
	EndGlobalSection
	GlobalSection(SolutionProperties) = preSolution
		HideSolutionNode = FALSE
	EndGlobalSection
	GlobalSection(ExtensibilityGlobals) = postSolution
		SolutionGuid = {2BFECC6A-CED6-42EB-A019-5A3910444DA7}
	EndGlobalSection
EndGlobal
